
Microsoft Visual Studio Solution File, Format Version 12.00
# Visual Studio Version 16
VisualStudioVersion = 16.0.30413.136
MinimumVisualStudioVersion = 10.0.40219.1
Project("{FAE04EC0-301F-11D3-BF4B-00C04F79EFBC}") = "Infinite_Shrine_of_the_Mountain", "Infinite_Shrine_of_the_Mountain\Infinite_Shrine_of_the_Mountain.csproj", "{CA9BC7E7-39A5-4942-83EA-B3E4E79C9FF7}"
EndProject
Global
	GlobalSection(SolutionConfigurationPlatforms) = preSolution
		Debug|Any CPU = Debug|Any CPU
		Release|Any CPU = Release|Any CPU
	EndGlobalSection
	GlobalSection(ProjectConfigurationPlatforms) = postSolution
		{CA9BC7E7-39A5-4942-83EA-B3E4E79C9FF7}.Debug|Any CPU.ActiveCfg = Debug|Any CPU
		{CA9BC7E7-39A5-4942-83EA-B3E4E79C9FF7}.Debug|Any CPU.Build.0 = Debug|Any CPU
		{CA9BC7E7-39A5-4942-83EA-B3E4E79C9FF7}.Release|Any CPU.ActiveCfg = Release|Any CPU
		{CA9BC7E7-39A5-4942-83EA-B3E4E79C9FF7}.Release|Any CPU.Build.0 = Release|Any CPU
	EndGlobalSection
	GlobalSection(SolutionProperties) = preSolution
		HideSolutionNode = FALSE
	EndGlobalSection
	GlobalSection(ExtensibilityGlobals) = postSolution
		SolutionGuid = {0FA4329E-96E5-483A-B25A-FE776C45FE85}
	EndGlobalSection
EndGlobal
